
Microsoft Visual Studio Solution File, Format Version 12.00
Project("{FAE04EC0-301F-11D3-BF4B-00C04F79EFBC}") = "GeniusLyrics.NET", "GeniusLyrics.NET\GeniusLyrics.NET.csproj", "{55EA83FF-A0C0-417B-901E-BFC524A112A7}"
EndProject
Global
	GlobalSection(SolutionConfigurationPlatforms) = preSolution
		Debug|Any CPU = Debug|Any CPU
		Release|Any CPU = Release|Any CPU
	EndGlobalSection
	GlobalSection(ProjectConfigurationPlatforms) = postSolution
		{55EA83FF-A0C0-417B-901E-BFC524A112A7}.Debug|Any CPU.ActiveCfg = Debug|Any CPU
		{55EA83FF-A0C0-417B-901E-BFC524A112A7}.Debug|Any CPU.Build.0 = Debug|Any CPU
		{55EA83FF-A0C0-417B-901E-BFC524A112A7}.Release|Any CPU.ActiveCfg = Release|Any CPU
		{55EA83FF-A0C0-417B-901E-BFC524A112A7}.Release|Any CPU.Build.0 = Release|Any CPU
	EndGlobalSection
EndGlobal
